// !$*UTF8*$!
{
	archiveVersion = 1;
	classes = {
	};
	objectVersion = 46;
	objects = {

/* Begin PBXBuildFile section */
		23956778193810FB002C9453 /* Foundation.framework in Frameworks */ = {isa = PBXBuildFile; fileRef = 23956777193810FB002C9453 /* Foundation.framework */; };
		2395677A193810FB002C9453 /* CoreGraphics.framework in Frameworks */ = {isa = PBXBuildFile; fileRef = 23956779193810FB002C9453 /* CoreGraphics.framework */; };
		2395677C193810FB002C9453 /* UIKit.framework in Frameworks */ = {isa = PBXBuildFile; fileRef = 2395677B193810FB002C9453 /* UIKit.framework */; };
		23956782193810FB002C9453 /* InfoPlist.strings in Resources */ = {isa = PBXBuildFile; fileRef = 23956780193810FB002C9453 /* InfoPlist.strings */; };
		23956784193810FB002C9453 /* main.m in Sources */ = {isa = PBXBuildFile; fileRef = 23956783193810FB002C9453 /* main.m */; };
		23956788193810FB002C9453 /* RAppDelegate.m in Sources */ = {isa = PBXBuildFile; fileRef = 23956787193810FB002C9453 /* RAppDelegate.m */; };
		2395678B193810FB002C9453 /* Main_iPhone.storyboard in Resources */ = {isa = PBXBuildFile; fileRef = 23956789193810FB002C9453 /* Main_iPhone.storyboard */; };
		2395678E193810FB002C9453 /* Main_iPad.storyboard in Resources */ = {isa = PBXBuildFile; fileRef = 2395678C193810FB002C9453 /* Main_iPad.storyboard */; };
		23956791193810FB002C9453 /* RViewController.m in Sources */ = {isa = PBXBuildFile; fileRef = 23956790193810FB002C9453 /* RViewController.m */; };
		23956793193810FB002C9453 /* Images.xcassets in Resources */ = {isa = PBXBuildFile; fileRef = 23956792193810FB002C9453 /* Images.xcassets */; };
		2395679A193810FB002C9453 /* XCTest.framework in Frameworks */ = {isa = PBXBuildFile; fileRef = 23956799193810FB002C9453 /* XCTest.framework */; };
		2395679B193810FB002C9453 /* Foundation.framework in Frameworks */ = {isa = PBXBuildFile; fileRef = 23956777193810FB002C9453 /* Foundation.framework */; };
		2395679C193810FB002C9453 /* UIKit.framework in Frameworks */ = {isa = PBXBuildFile; fileRef = 2395677B193810FB002C9453 /* UIKit.framework */; };
		239567A4193810FB002C9453 /* InfoPlist.strings in Resources */ = {isa = PBXBuildFile; fileRef = 239567A2193810FB002C9453 /* InfoPlist.strings */; };
		239567A6193810FB002C9453 /* DroppedTests.m in Sources */ = {isa = PBXBuildFile; fileRef = 239567A5193810FB002C9453 /* DroppedTests.m */; };
/* End PBXBuildFile section */

/* Begin PBXContainerItemProxy section */
		2395679D193810FB002C9453 /* PBXContainerItemProxy */ = {
			isa = PBXContainerItemProxy;
			containerPortal = 2395676C193810FA002C9453 /* Project object */;
			proxyType = 1;
			remoteGlobalIDString = 23956773193810FB002C9453;
			remoteInfo = Dropped;
		};
/* End PBXContainerItemProxy section */

/* Begin PBXFileReference section */
		23956774193810FB002C9453 /* Dropped.app */ = {isa = PBXFileReference; explicitFileType = wrapper.application; includeInIndex = 0; path = Dropped.app; sourceTree = BUILT_PRODUCTS_DIR; };
		23956777193810FB002C9453 /* Foundation.framework */ = {isa = PBXFileReference; lastKnownFileType = wrapper.framework; name = Foundation.framework; path = System/Library/Frameworks/Foundation.framework; sourceTree = SDKROOT; };
		23956779193810FB002C9453 /* CoreGraphics.framework */ = {isa = PBXFileReference; lastKnownFileType = wrapper.framework; name = CoreGraphics.framework; path = System/Library/Frameworks/CoreGraphics.framework; sourceTree = SDKROOT; };
		2395677B193810FB002C9453 /* UIKit.framework */ = {isa = PBXFileReference; lastKnownFileType = wrapper.framework; name = UIKit.framework; path = System/Library/Frameworks/UIKit.framework; sourceTree = SDKROOT; };
		2395677F193810FB002C9453 /* Dropped-Info.plist */ = {isa = PBXFileReference; lastKnownFileType = text.plist.xml; path = "Dropped-Info.plist"; sourceTree = "<group>"; };
		23956781193810FB002C9453 /* en */ = {isa = PBXFileReference; lastKnownFileType = text.plist.strings; name = en; path = en.lproj/InfoPlist.strings; sourceTree = "<group>"; };
		23956783193810FB002C9453 /* main.m */ = {isa = PBXFileReference; lastKnownFileType = sourcecode.c.objc; path = main.m; sourceTree = "<group>"; };
		23956785193810FB002C9453 /* Dropped-Prefix.pch */ = {isa = PBXFileReference; lastKnownFileType = sourcecode.c.h; path = "Dropped-Prefix.pch"; sourceTree = "<group>"; };
		23956786193810FB002C9453 /* RAppDelegate.h */ = {isa = PBXFileReference; lastKnownFileType = sourcecode.c.h; path = RAppDelegate.h; sourceTree = "<group>"; };
		23956787193810FB002C9453 /* RAppDelegate.m */ = {isa = PBXFileReference; lastKnownFileType = sourcecode.c.objc; path = RAppDelegate.m; sourceTree = "<group>"; };
		2395678A193810FB002C9453 /* Base */ = {isa = PBXFileReference; lastKnownFileType = file.storyboard; name = Base; path = Base.lproj/Main_iPhone.storyboard; sourceTree = "<group>"; };
		2395678D193810FB002C9453 /* Base */ = {isa = PBXFileReference; lastKnownFileType = file.storyboard; name = Base; path = Base.lproj/Main_iPad.storyboard; sourceTree = "<group>"; };
		2395678F193810FB002C9453 /* RViewController.h */ = {isa = PBXFileReference; lastKnownFileType = sourcecode.c.h; path = RViewController.h; sourceTree = "<group>"; };
		23956790193810FB002C9453 /* RViewController.m */ = {isa = PBXFileReference; lastKnownFileType = sourcecode.c.objc; path = RViewController.m; sourceTree = "<group>"; };
		23956792193810FB002C9453 /* Images.xcassets */ = {isa = PBXFileReference; lastKnownFileType = folder.assetcatalog; path = Images.xcassets; sourceTree = "<group>"; };
		23956798193810FB002C9453 /* DroppedTests.xctest */ = {isa = PBXFileReference; explicitFileType = wrapper.cfbundle; includeInIndex = 0; path = DroppedTests.xctest; sourceTree = BUILT_PRODUCTS_DIR; };
		23956799193810FB002C9453 /* XCTest.framework */ = {isa = PBXFileReference; lastKnownFileType = wrapper.framework; name = XCTest.framework; path = Library/Frameworks/XCTest.framework; sourceTree = DEVELOPER_DIR; };
		239567A1193810FB002C9453 /* DroppedTests-Info.plist */ = {isa = PBXFileReference; lastKnownFileType = text.plist.xml; path = "DroppedTests-Info.plist"; sourceTree = "<group>"; };
		239567A3193810FB002C9453 /* en */ = {isa = PBXFileReference; lastKnownFileType = text.plist.strings; name = en; path = en.lproj/InfoPlist.strings; sourceTree = "<group>"; };
		239567A5193810FB002C9453 /* DroppedTests.m */ = {isa = PBXFileReference; lastKnownFileType = sourcecode.c.objc; path = DroppedTests.m; sourceTree = "<group>"; };
/* End PBXFileReference section */

/* Begin PBXFrameworksBuildPhase section */
		23956771193810FB002C9453 /* Frameworks */ = {
			isa = PBXFrameworksBuildPhase;
			buildActionMask = 2147483647;
			files = (
				2395677A193810FB002C9453 /* CoreGraphics.framework in Frameworks */,
				2395677C193810FB002C9453 /* UIKit.framework in Frameworks */,
				23956778193810FB002C9453 /* Foundation.framework in Frameworks */,
			);
			runOnlyForDeploymentPostprocessing = 0;
		};
		23956795193810FB002C9453 /* Frameworks */ = {
			isa = PBXFrameworksBuildPhase;
			buildActionMask = 2147483647;
			files = (
				2395679A193810FB002C9453 /* XCTest.framework in Frameworks */,
				2395679C193810FB002C9453 /* UIKit.framework in Frameworks */,
				2395679B193810FB002C9453 /* Foundation.framework in Frameworks */,
			);
			runOnlyForDeploymentPostprocessing = 0;
		};
/* End PBXFrameworksBuildPhase section */

/* Begin PBXGroup section */
		2395676B193810FA002C9453 = {
			isa = PBXGroup;
			children = (
				2395677D193810FB002C9453 /* Dropped */,
				2395679F193810FB002C9453 /* DroppedTests */,
				23956776193810FB002C9453 /* Frameworks */,
				23956775193810FB002C9453 /* Products */,
			);
			sourceTree = "<group>";
		};
		23956775193810FB002C9453 /* Products */ = {
			isa = PBXGroup;
			children = (
				23956774193810FB002C9453 /* Dropped.app */,
				23956798193810FB002C9453 /* DroppedTests.xctest */,
			);
			name = Products;
			sourceTree = "<group>";
		};
		23956776193810FB002C9453 /* Frameworks */ = {
			isa = PBXGroup;
			children = (
				23956777193810FB002C9453 /* Foundation.framework */,
				23956779193810FB002C9453 /* CoreGraphics.framework */,
				2395677B193810FB002C9453 /* UIKit.framework */,
				23956799193810FB002C9453 /* XCTest.framework */,
			);
			name = Frameworks;
			sourceTree = "<group>";
		};
		2395677D193810FB002C9453 /* Dropped */ = {
			isa = PBXGroup;
			children = (
				23956786193810FB002C9453 /* RAppDelegate.h */,
				23956787193810FB002C9453 /* RAppDelegate.m */,
				23956789193810FB002C9453 /* Main_iPhone.storyboard */,
				2395678C193810FB002C9453 /* Main_iPad.storyboard */,
				2395678F193810FB002C9453 /* RViewController.h */,
				23956790193810FB002C9453 /* RViewController.m */,
				23956792193810FB002C9453 /* Images.xcassets */,
				2395677E193810FB002C9453 /* Supporting Files */,
			);
			path = Dropped;
			sourceTree = "<group>";
		};
		2395677E193810FB002C9453 /* Supporting Files */ = {
			isa = PBXGroup;
			children = (
				2395677F193810FB002C9453 /* Dropped-Info.plist */,
				23956780193810FB002C9453 /* InfoPlist.strings */,
				23956783193810FB002C9453 /* main.m */,
				23956785193810FB002C9453 /* Dropped-Prefix.pch */,
			);
			name = "Supporting Files";
			sourceTree = "<group>";
		};
		2395679F193810FB002C9453 /* DroppedTests */ = {
			isa = PBXGroup;
			children = (
				239567A5193810FB002C9453 /* DroppedTests.m */,
				239567A0193810FB002C9453 /* Supporting Files */,
			);
			path = DroppedTests;
			sourceTree = "<group>";
		};
		239567A0193810FB002C9453 /* Supporting Files */ = {
			isa = PBXGroup;
			children = (
				239567A1193810FB002C9453 /* DroppedTests-Info.plist */,
				239567A2193810FB002C9453 /* InfoPlist.strings */,
			);
			name = "Supporting Files";
			sourceTree = "<group>";
		};
/* End PBXGroup section */

/* Begin PBXNativeTarget section */
		23956773193810FB002C9453 /* Dropped */ = {
			isa = PBXNativeTarget;
			buildConfigurationList = 239567A9193810FB002C9453 /* Build configuration list for PBXNativeTarget "Dropped" */;
			buildPhases = (
				23956770193810FB002C9453 /* Sources */,
				23956771193810FB002C9453 /* Frameworks */,
				23956772193810FB002C9453 /* Resources */,
			);
			buildRules = (
			);
			dependencies = (
			);
			name = Dropped;
			productName = Dropped;
			productReference = 23956774193810FB002C9453 /* Dropped.app */;
			productType = "com.apple.product-type.application";
		};
		23956797193810FB002C9453 /* DroppedTests */ = {
			isa = PBXNativeTarget;
			buildConfigurationList = 239567AC193810FB002C9453 /* Build configuration list for PBXNativeTarget "DroppedTests" */;
			buildPhases = (
				23956794193810FB002C9453 /* Sources */,
				23956795193810FB002C9453 /* Frameworks */,
				23956796193810FB002C9453 /* Resources */,
			);
			buildRules = (
			);
			dependencies = (
				2395679E193810FB002C9453 /* PBXTargetDependency */,
			);
			name = DroppedTests;
			productName = DroppedTests;
			productReference = 23956798193810FB002C9453 /* DroppedTests.xctest */;
			productType = "com.apple.product-type.bundle.unit-test";
		};
/* End PBXNativeTarget section */

/* Begin PBXProject section */
		2395676C193810FA002C9453 /* Project object */ = {
			isa = PBXProject;
			attributes = {
				CLASSPREFIX = R;
				LastUpgradeCheck = 0510;
				ORGANIZATIONNAME = "___FULLUSERNAME___";
				TargetAttributes = {
					23956797193810FB002C9453 = {
						TestTargetID = 23956773193810FB002C9453;
					};
				};
			};
			buildConfigurationList = 2395676F193810FA002C9453 /* Build configuration list for PBXProject "Dropped" */;
			compatibilityVersion = "Xcode 3.2";
			developmentRegion = English;
			hasScannedForEncodings = 0;
			knownRegions = (
				en,
				Base,
			);
			mainGroup = 2395676B193810FA002C9453;
			productRefGroup = 23956775193810FB002C9453 /* Products */;
			projectDirPath = "";
			projectRoot = "";
			targets = (
				23956773193810FB002C9453 /* Dropped */,
				23956797193810FB002C9453 /* DroppedTests */,
			);
		};
/* End PBXProject section */

/* Begin PBXResourcesBuildPhase section */
		23956772193810FB002C9453 /* Resources */ = {
			isa = PBXResourcesBuildPhase;
			buildActionMask = 2147483647;
			files = (
				2395678E193810FB002C9453 /* Main_iPad.storyboard in Resources */,
				23956793193810FB002C9453 /* Images.xcassets in Resources */,
				2395678B193810FB002C9453 /* Main_iPhone.storyboard in Resources */,
				23956782193810FB002C9453 /* InfoPlist.strings in Resources */,
			);
			runOnlyForDeploymentPostprocessing = 0;
		};
		23956796193810FB002C9453 /* Resources */ = {
			isa = PBXResourcesBuildPhase;
			buildActionMask = 2147483647;
			files = (
				239567A4193810FB002C9453 /* InfoPlist.strings in Resources */,
			);
			runOnlyForDeploymentPostprocessing = 0;
		};
/* End PBXResourcesBuildPhase section */

/* Begin PBXSourcesBuildPhase section */
		23956770193810FB002C9453 /* Sources */ = {
			isa = PBXSourcesBuildPhase;
			buildActionMask = 2147483647;
			files = (
				23956791193810FB002C9453 /* RViewController.m in Sources */,
				23956784193810FB002C9453 /* main.m in Sources */,
				23956788193810FB002C9453 /* RAppDelegate.m in Sources */,
			);
			runOnlyForDeploymentPostprocessing = 0;
		};
		23956794193810FB002C9453 /* Sources */ = {
			isa = PBXSourcesBuildPhase;
			buildActionMask = 2147483647;
			files = (
				239567A6193810FB002C9453 /* DroppedTests.m in Sources */,
			);
			runOnlyForDeploymentPostprocessing = 0;
		};
/* End PBXSourcesBuildPhase section */

/* Begin PBXTargetDependency section */
		2395679E193810FB002C9453 /* PBXTargetDependency */ = {
			isa = PBXTargetDependency;
			target = 23956773193810FB002C9453 /* Dropped */;
			targetProxy = 2395679D193810FB002C9453 /* PBXContainerItemProxy */;
		};
/* End PBXTargetDependency section */

/* Begin PBXVariantGroup section */
		23956780193810FB002C9453 /* InfoPlist.strings */ = {
			isa = PBXVariantGroup;
			children = (
				23956781193810FB002C9453 /* en */,
			);
			name = InfoPlist.strings;
			sourceTree = "<group>";
		};
		23956789193810FB002C9453 /* Main_iPhone.storyboard */ = {
			isa = PBXVariantGroup;
			children = (
				2395678A193810FB002C9453 /* Base */,
			);
			name = Main_iPhone.storyboard;
			sourceTree = "<group>";
		};
		2395678C193810FB002C9453 /* Main_iPad.storyboard */ = {
			isa = PBXVariantGroup;
			children = (
				2395678D193810FB002C9453 /* Base */,
			);
			name = Main_iPad.storyboard;
			sourceTree = "<group>";
		};
		239567A2193810FB002C9453 /* InfoPlist.strings */ = {
			isa = PBXVariantGroup;
			children = (
				239567A3193810FB002C9453 /* en */,
			);
			name = InfoPlist.strings;
			sourceTree = "<group>";
		};
/* End PBXVariantGroup section */

/* Begin XCBuildConfiguration section */
		239567A7193810FB002C9453 /* Debug */ = {
			isa = XCBuildConfiguration;
			buildSettings = {
				ALWAYS_SEARCH_USER_PATHS = NO;
				CLANG_CXX_LANGUAGE_STANDARD = "gnu++0x";
				CLANG_CXX_LIBRARY = "libc++";
				CLANG_ENABLE_MODULES = YES;
				CLANG_ENABLE_OBJC_ARC = YES;
				CLANG_WARN_BOOL_CONVERSION = YES;
				CLANG_WARN_CONSTANT_CONVERSION = YES;
				CLANG_WARN_DIRECT_OBJC_ISA_USAGE = YES_ERROR;
				CLANG_WARN_EMPTY_BODY = YES;
				CLANG_WARN_ENUM_CONVERSION = YES;
				CLANG_WARN_INT_CONVERSION = YES;
				CLANG_WARN_OBJC_ROOT_CLASS = YES_ERROR;
				CLANG_WARN__DUPLICATE_METHOD_MATCH = YES;
				"CODE_SIGN_IDENTITY[sdk=iphoneos*]" = "iPhone Developer";
				COPY_PHASE_STRIP = NO;
				GCC_C_LANGUAGE_STANDARD = gnu99;
				GCC_DYNAMIC_NO_PIC = NO;
				GCC_OPTIMIZATION_LEVEL = 0;
				GCC_PREPROCESSOR_DEFINITIONS = (
					"DEBUG=1",
					"$(inherited)",
				);
				GCC_SYMBOLS_PRIVATE_EXTERN = NO;
				GCC_WARN_64_TO_32_BIT_CONVERSION = YES;
				GCC_WARN_ABOUT_RETURN_TYPE = YES_ERROR;
				GCC_WARN_UNDECLARED_SELECTOR = YES;
				GCC_WARN_UNINITIALIZED_AUTOS = YES_AGGRESSIVE;
				GCC_WARN_UNUSED_FUNCTION = YES;
				GCC_WARN_UNUSED_VARIABLE = YES;
				IPHONEOS_DEPLOYMENT_TARGET = 7.1;
				ONLY_ACTIVE_ARCH = YES;
				SDKROOT = iphoneos;
				TARGETED_DEVICE_FAMILY = "1,2";
			};
			name = Debug;
		};
		239567A8193810FB002C9453 /* Release */ = {
			isa = XCBuildConfiguration;
			buildSettings = {
				ALWAYS_SEARCH_USER_PATHS = NO;
				CLANG_CXX_LANGUAGE_STANDARD = "gnu++0x";
				CLANG_CXX_LIBRARY = "libc++";
				CLANG_ENABLE_MODULES = YES;
				CLANG_ENABLE_OBJC_ARC = YES;
				CLANG_WARN_BOOL_CONVERSION = YES;
				CLANG_WARN_CONSTANT_CONVERSION = YES;
				CLANG_WARN_DIRECT_OBJC_ISA_USAGE = YES_ERROR;
				CLANG_WARN_EMPTY_BODY = YES;
				CLANG_WARN_ENUM_CONVERSION = YES;
				CLANG_WARN_INT_CONVERSION = YES;
				CLANG_WARN_OBJC_ROOT_CLASS = YES_ERROR;
				CLANG_WARN__DUPLICATE_METHOD_MATCH = YES;
				"CODE_SIGN_IDENTITY[sdk=iphoneos*]" = "iPhone Developer";
				COPY_PHASE_STRIP = YES;
				ENABLE_NS_ASSERTIONS = NO;
				GCC_C_LANGUAGE_STANDARD = gnu99;
				GCC_WARN_64_TO_32_BIT_CONVERSION = YES;
				GCC_WARN_ABOUT_RETURN_TYPE = YES_ERROR;
				GCC_WARN_UNDECLARED_SELECTOR = YES;
				GCC_WARN_UNINITIALIZED_AUTOS = YES_AGGRESSIVE;
				GCC_WARN_UNUSED_FUNCTION = YES;
				GCC_WARN_UNUSED_VARIABLE = YES;
				IPHONEOS_DEPLOYMENT_TARGET = 7.1;
				SDKROOT = iphoneos;
				TARGETED_DEVICE_FAMILY = "1,2";
				VALIDATE_PRODUCT = YES;
			};
			name = Release;
		};
		239567AA193810FB002C9453 /* Debug */ = {
			isa = XCBuildConfiguration;
			buildSettings = {
				ASSETCATALOG_COMPILER_APPICON_NAME = AppIcon;
				ASSETCATALOG_COMPILER_LAUNCHIMAGE_NAME = LaunchImage;
				GCC_PRECOMPILE_PREFIX_HEADER = YES;
				GCC_PREFIX_HEADER = "Dropped/Dropped-Prefix.pch";
				INFOPLIST_FILE = "Dropped/Dropped-Info.plist";
				PRODUCT_NAME = "$(TARGET_NAME)";
				WRAPPER_EXTENSION = app;
			};
			name = Debug;
		};
		239567AB193810FB002C9453 /* Release */ = {
			isa = XCBuildConfiguration;
			buildSettings = {
				ASSETCATALOG_COMPILER_APPICON_NAME = AppIcon;
				ASSETCATALOG_COMPILER_LAUNCHIMAGE_NAME = LaunchImage;
				GCC_PRECOMPILE_PREFIX_HEADER = YES;
				GCC_PREFIX_HEADER = "Dropped/Dropped-Prefix.pch";
				INFOPLIST_FILE = "Dropped/Dropped-Info.plist";
				PRODUCT_NAME = "$(TARGET_NAME)";
				WRAPPER_EXTENSION = app;
			};
			name = Release;
		};
		239567AD193810FB002C9453 /* Debug */ = {
			isa = XCBuildConfiguration;
			buildSettings = {
				BUNDLE_LOADER = "$(BUILT_PRODUCTS_DIR)/Dropped.app/Dropped";
				FRAMEWORK_SEARCH_PATHS = (
					"$(SDKROOT)/Developer/Library/Frameworks",
					"$(inherited)",
					"$(DEVELOPER_FRAMEWORKS_DIR)",
				);
				GCC_PRECOMPILE_PREFIX_HEADER = YES;
				GCC_PREFIX_HEADER = "Dropped/Dropped-Prefix.pch";
				GCC_PREPROCESSOR_DEFINITIONS = (
					"DEBUG=1",
					"$(inherited)",
				);
				INFOPLIST_FILE = "DroppedTests/DroppedTests-Info.plist";
				PRODUCT_NAME = "$(TARGET_NAME)";
				TEST_HOST = "$(BUNDLE_LOADER)";
				WRAPPER_EXTENSION = xctest;
			};
			name = Debug;
		};
		239567AE193810FB002C9453 /* Release */ = {
			isa = XCBuildConfiguration;
			buildSettings = {
				BUNDLE_LOADER = "$(BUILT_PRODUCTS_DIR)/Dropped.app/Dropped";
				FRAMEWORK_SEARCH_PATHS = (
					"$(SDKROOT)/Developer/Library/Frameworks",
					"$(inherited)",
					"$(DEVELOPER_FRAMEWORKS_DIR)",
				);
				GCC_PRECOMPILE_PREFIX_HEADER = YES;
				GCC_PREFIX_HEADER = "Dropped/Dropped-Prefix.pch";
				INFOPLIST_FILE = "DroppedTests/DroppedTests-Info.plist";
				PRODUCT_NAME = "$(TARGET_NAME)";
				TEST_HOST = "$(BUNDLE_LOADER)";
				WRAPPER_EXTENSION = xctest;
			};
			name = Release;
		};
/* End XCBuildConfiguration section */

/* Begin XCConfigurationList section */
		2395676F193810FA002C9453 /* Build configuration list for PBXProject "Dropped" */ = {
			isa = XCConfigurationList;
			buildConfigurations = (
				239567A7193810FB002C9453 /* Debug */,
				239567A8193810FB002C9453 /* Release */,
			);
			defaultConfigurationIsVisible = 0;
			defaultConfigurationName = Release;
		};
		239567A9193810FB002C9453 /* Build configuration list for PBXNativeTarget "Dropped" */ = {
			isa = XCConfigurationList;
			buildConfigurations = (
				239567AA193810FB002C9453 /* Debug */,
				239567AB193810FB002C9453 /* Release */,
			);
			defaultConfigurationIsVisible = 0;
		};
		239567AC193810FB002C9453 /* Build configuration list for PBXNativeTarget "DroppedTests" */ = {
			isa = XCConfigurationList;
			buildConfigurations = (
				239567AD193810FB002C9453 /* Debug */,
				239567AE193810FB002C9453 /* Release */,
			);
			defaultConfigurationIsVisible = 0;
		};
/* End XCConfigurationList section */
	};
	rootObject = 2395676C193810FA002C9453 /* Project object */;
}
